
Microsoft Visual Studio Solution File, Format Version 12.00
# Visual Studio 14
VisualStudioVersion = 14.0.25420.1
MinimumVisualStudioVersion = 10.0.40219.1
Project("{FAE04EC0-301F-11D3-BF4B-00C04F79EFBC}") = "At Yarışı", "At Yarışı\At Yarışı.csproj", "{912EF3A7-D3B2-44E9-BB82-85A5E3356CDE}"
EndProject
Project("{FAE04EC0-301F-11D3-BF4B-00C04F79EFBC}") = "At Yarisi", "At Yarışı\At Yarisi.csproj", "{965B5E84-9452-4DFA-BF9D-24A551A14E0C}"
EndProject
Global
	GlobalSection(SolutionConfigurationPlatforms) = preSolution
		Debug|Any CPU = Debug|Any CPU
		Release|Any CPU = Release|Any CPU
	EndGlobalSection
	GlobalSection(ProjectConfigurationPlatforms) = postSolution
		{912EF3A7-D3B2-44E9-BB82-85A5E3356CDE}.Debug|Any CPU.ActiveCfg = Debug|Any CPU
		{912EF3A7-D3B2-44E9-BB82-85A5E3356CDE}.Debug|Any CPU.Build.0 = Debug|Any CPU
		{912EF3A7-D3B2-44E9-BB82-85A5E3356CDE}.Release|Any CPU.ActiveCfg = Release|Any CPU
		{912EF3A7-D3B2-44E9-BB82-85A5E3356CDE}.Release|Any CPU.Build.0 = Release|Any CPU
		{965B5E84-9452-4DFA-BF9D-24A551A14E0C}.Debug|Any CPU.ActiveCfg = Debug|Any CPU
		{965B5E84-9452-4DFA-BF9D-24A551A14E0C}.Debug|Any CPU.Build.0 = Debug|Any CPU
		{965B5E84-9452-4DFA-BF9D-24A551A14E0C}.Release|Any CPU.ActiveCfg = Release|Any CPU
		{965B5E84-9452-4DFA-BF9D-24A551A14E0C}.Release|Any CPU.Build.0 = Release|Any CPU
	EndGlobalSection
	GlobalSection(SolutionProperties) = preSolution
		HideSolutionNode = FALSE
	EndGlobalSection
EndGlobal
